{
  "name": "JS-frontend",
  "lockfileVersion": 2,
  "requires": true,
  "packages": {
    "": {
      "dependencies": {
        "@splidejs/splide": "^4.0.1",
        "@splidejs/splide-extension-auto-scroll": "^0.4.2",
        "interactjs": "^1.10.11"
      }
    },
    "node_modules/@interactjs/types": {
      "version": "1.10.11",
      "resolved": "https://registry.npmjs.org/@interactjs/types/-/types-1.10.11.tgz",
      "integrity": "sha512-YRsVFWjL8Gkkvlx3qnjeaxW4fnibSJ9791g8BA7Pv5ANByI64WmtR1vU7A2rXcrOn8XvyCEfY0ss1s8NhZP+MA=="
    },
    "node_modules/@splidejs/splide": {
      "version": "4.0.1",
      "resolved": "https://registry.npmjs.org/@splidejs/splide/-/splide-4.0.1.tgz",
      "integrity": "sha512-fgiYX5xLwOFluKKiq9hde9V1tU6wFoTzznX4fOvok95GjEKq9WvkkKBS3/WCuMDn7LXvg/Qpo3Eq0m9QQEr8tA=="
    },
    "node_modules/@splidejs/splide-extension-auto-scroll": {
      "version": "0.4.2",
      "resolved": "https://registry.npmjs.org/@splidejs/splide-extension-auto-scroll/-/splide-extension-auto-scroll-0.4.2.tgz",
      "integrity": "sha512-kIKRhs1Gj5a6xKEi/h/7i/G20+kJgpfzvU3nPyLrAUYdK3Q3w8kxJ4DgeMJHzlF5iachnPUe2zXdWMhZHCHYfg=="
    },
    "node_modules/interactjs": {
      "version": "1.10.11",
      "resolved": "https://registry.npmjs.org/interactjs/-/interactjs-1.10.11.tgz",
      "integrity": "sha512-VPUWsGAOPmrZe1YF7Fq/4AIBBZ+3FikZRS8bpzT6VsAfUuhxl/CKJY73IAiZHd3fz9p174CXErn0Qs81XEFICA==",
      "dependencies": {
        "@interactjs/types": "1.10.11"
      }
    }
  },
  "dependencies": {
    "@interactjs/types": {
      "version": "1.10.11",
      "resolved": "https://registry.npmjs.org/@interactjs/types/-/types-1.10.11.tgz",
      "integrity": "sha512-YRsVFWjL8Gkkvlx3qnjeaxW4fnibSJ9791g8BA7Pv5ANByI64WmtR1vU7A2rXcrOn8XvyCEfY0ss1s8NhZP+MA=="
    },
    "@splidejs/splide": {
      "version": "4.0.1",
      "resolved": "https://registry.npmjs.org/@splidejs/splide/-/splide-4.0.1.tgz",
      "integrity": "sha512-fgiYX5xLwOFluKKiq9hde9V1tU6wFoTzznX4fOvok95GjEKq9WvkkKBS3/WCuMDn7LXvg/Qpo3Eq0m9QQEr8tA=="
    },
    "@splidejs/splide-extension-auto-scroll": {
      "version": "0.4.2",
      "resolved": "https://registry.npmjs.org/@splidejs/splide-extension-auto-scroll/-/splide-extension-auto-scroll-0.4.2.tgz",
      "integrity": "sha512-kIKRhs1Gj5a6xKEi/h/7i/G20+kJgpfzvU3nPyLrAUYdK3Q3w8kxJ4DgeMJHzlF5iachnPUe2zXdWMhZHCHYfg=="
    },
    "interactjs": {
      "version": "1.10.11",
      "resolved": "https://registry.npmjs.org/interactjs/-/interactjs-1.10.11.tgz",
      "integrity": "sha512-VPUWsGAOPmrZe1YF7Fq/4AIBBZ+3FikZRS8bpzT6VsAfUuhxl/CKJY73IAiZHd3fz9p174CXErn0Qs81XEFICA==",
      "requires": {
        "@interactjs/types": "1.10.11"
      }
    }
  }
}
